github.com/jhunt/go-ansi v0.0.0-20171120214513-52b391f2c38f h1:PTMStXfVTLSPBm1MyQ9HslFVAfvTo7YZj1a4kqmd5Ug=
github.com/jhunt/go-ansi v0.0.0-20171120214513-52b391f2c38f/go.mod h1:zx5sSmwzYAXhfPcRBU7SuiAwK+8vC/LTgAoHyJiclzI=
github.com/mattn/go-isatty v0.0.12 h1:wuysRhFDzyxgEmMf5xjvJ2M9dZoWAXNNr5LSBS7uHXY=
github.com/mattn/go-isatty v0.0.12/go.mod h1:cbi8OIDigv2wuxKPP5vlRcQ1OAZbq2CE4Kysco4FUpU=
golang.org/x/net v0.0.0-20171128172551-6921abc35dff h1:pdX52r+M5ygFqwLJvCKnFCLBqXqQ71jIYybR+BawQJ0=
golang.org/x/net v0.0.0-20171128172551-6921abc35dff/go.mod h1:mL1N/T3taQHkDXs73rZJwtUhF3w3ftmwwsq0BUmARs4=
golang.org/x/sys v0.0.0-20200116001909-b77594299b42 h1:vEOn+mP2zCOVzKckCZy6YsCtDblrpj/w7B9nxGNELpg=
golang.org/x/sys v0.0.0-20200116001909-b77594299b42/go.mod h1:h1NjWce9XRLGQEsW7wpKNCjG9DtNlClVuFLEZdDNbEs=
